
Microsoft Visual Studio Solution File, Format Version 12.00
# Visual Studio Version 16
VisualStudioVersion = 16.0.29123.88
MinimumVisualStudioVersion = 10.0.40219.1
Project("{FAE04EC0-301F-11D3-BF4B-00C04F79EFBC}") = "Bike Race", "Bike Race.csproj", "{9045E8B3-FCD1-4E45-9EB9-3F012659C442}"
EndProject
Project("{FAE04EC0-301F-11D3-BF4B-00C04F79EFBC}") = "bikeracesunittest", "bikeracesunittest\bikeracesunittest.csproj", "{E51EB673-610D-4FA2-A3C1-B43D9D56829D}"
EndProject
Global
	GlobalSection(SolutionConfigurationPlatforms) = preSolution
		Debug|Any CPU = Debug|Any CPU
		Release|Any CPU = Release|Any CPU
	EndGlobalSection
	GlobalSection(ProjectConfigurationPlatforms) = postSolution
		{9045E8B3-FCD1-4E45-9EB9-3F012659C442}.Debug|Any CPU.ActiveCfg = Debug|Any CPU
		{9045E8B3-FCD1-4E45-9EB9-3F012659C442}.Debug|Any CPU.Build.0 = Debug|Any CPU
		{9045E8B3-FCD1-4E45-9EB9-3F012659C442}.Release|Any CPU.ActiveCfg = Release|Any CPU
		{9045E8B3-FCD1-4E45-9EB9-3F012659C442}.Release|Any CPU.Build.0 = Release|Any CPU
		{E51EB673-610D-4FA2-A3C1-B43D9D56829D}.Debug|Any CPU.ActiveCfg = Debug|Any CPU
		{E51EB673-610D-4FA2-A3C1-B43D9D56829D}.Debug|Any CPU.Build.0 = Debug|Any CPU
		{E51EB673-610D-4FA2-A3C1-B43D9D56829D}.Release|Any CPU.ActiveCfg = Release|Any CPU
		{E51EB673-610D-4FA2-A3C1-B43D9D56829D}.Release|Any CPU.Build.0 = Release|Any CPU
	EndGlobalSection
	GlobalSection(SolutionProperties) = preSolution
		HideSolutionNode = FALSE
	EndGlobalSection
	GlobalSection(ExtensibilityGlobals) = postSolution
		SolutionGuid = {E6899AA0-4146-4882-8161-6D40ED2CCE65}
	EndGlobalSection
EndGlobal
